
Microsoft Visual Studio Solution File, Format Version 12.00
# Visual Studio Version 17
VisualStudioVersion = 17.0.31903.59
MinimumVisualStudioVersion = 10.0.40219.1
Project("{2150E333-8FDC-42A3-9474-1A3956D46DE8}") = "src", "src", "{827E0CD3-B72D-47B6-A68D-7590B98EB39B}"
EndProject
Project("{2150E333-8FDC-42A3-9474-1A3956D46DE8}") = "Services", "Services", "{984BB9B3-3FA3-BE33-9484-CAC21695A33C}"
EndProject
Project("{2150E333-8FDC-42A3-9474-1A3956D46DE8}") = "Identity", "Identity", "{1BFC9479-12BF-35C3-06B8-42D89D95092B}"
EndProject
Project("{FAE04EC0-301F-11D3-BF4B-00C04F79EFBC}") = "PersonalUniverse.Identity.API", "src\Services\Identity\PersonalUniverse.Identity.API\PersonalUniverse.Identity.API.csproj", "{61D42943-AA61-4523-BF44-9A37B33293D0}"
EndProject
Project("{2150E333-8FDC-42A3-9474-1A3956D46DE8}") = "PersonalityProcessing", "PersonalityProcessing", "{05973E9E-8124-8C4C-5815-1A8D03695AD9}"
EndProject
Project("{FAE04EC0-301F-11D3-BF4B-00C04F79EFBC}") = "PersonalUniverse.PersonalityProcessing.API", "src\Services\PersonalityProcessing\PersonalUniverse.PersonalityProcessing.API\PersonalUniverse.PersonalityProcessing.API.csproj", "{1083EFAF-DA42-4FC4-9CBC-27A19BBBC5E3}"
EndProject
Project("{2150E333-8FDC-42A3-9474-1A3956D46DE8}") = "SimulationEngine", "SimulationEngine", "{FC8C837E-0128-FDC6-A60F-0C196004067A}"
EndProject
Project("{FAE04EC0-301F-11D3-BF4B-00C04F79EFBC}") = "PersonalUniverse.SimulationEngine.API", "src\Services\SimulationEngine\PersonalUniverse.SimulationEngine.API\PersonalUniverse.SimulationEngine.API.csproj", "{724F7C2D-E981-4E63-8D8F-4607E161B4A1}"
EndProject
Project("{2150E333-8FDC-42A3-9474-1A3956D46DE8}") = "EventService", "EventService", "{9CC551B7-1AAF-A9B2-EB48-5B20860C10E0}"
EndProject
Project("{FAE04EC0-301F-11D3-BF4B-00C04F79EFBC}") = "PersonalUniverse.EventService.API", "src\Services\EventService\PersonalUniverse.EventService.API\PersonalUniverse.EventService.API.csproj", "{9737C05E-9108-45B9-819C-E7F3DC18E984}"
EndProject
Project("{2150E333-8FDC-42A3-9474-1A3956D46DE8}") = "VisualizationFeed", "VisualizationFeed", "{31EC43E2-6DEB-1BD5-65B4-4A91A2E20F1D}"
EndProject
Project("{FAE04EC0-301F-11D3-BF4B-00C04F79EFBC}") = "PersonalUniverse.VisualizationFeed.API", "src\Services\VisualizationFeed\PersonalUniverse.VisualizationFeed.API\PersonalUniverse.VisualizationFeed.API.csproj", "{DD5E7030-FEBF-4E0C-909B-5B668BAA6FC2}"
EndProject
Project("{2150E333-8FDC-42A3-9474-1A3956D46DE8}") = "Storage", "Storage", "{74BE356B-61CD-6194-6CB5-7788A446B19E}"
EndProject
Project("{FAE04EC0-301F-11D3-BF4B-00C04F79EFBC}") = "PersonalUniverse.Storage.API", "src\Services\Storage\PersonalUniverse.Storage.API\PersonalUniverse.Storage.API.csproj", "{46E46887-D0D0-4F6B-BDB3-97663D9FD527}"
EndProject
Project("{2150E333-8FDC-42A3-9474-1A3956D46DE8}") = "Shared", "Shared", "{C8E42992-5E42-0C2B-DBFE-AA848D06431C}"
EndProject
Project("{2150E333-8FDC-42A3-9474-1A3956D46DE8}") = "Models", "Models", "{08B98848-80E7-0116-D853-84675B4AED72}"
EndProject
Project("{FAE04EC0-301F-11D3-BF4B-00C04F79EFBC}") = "PersonalUniverse.Shared.Models", "src\Shared\Models\PersonalUniverse.Shared.Models\PersonalUniverse.Shared.Models.csproj", "{10B83736-316F-4F63-8E5D-B2C40F920126}"
EndProject
Project("{2150E333-8FDC-42A3-9474-1A3956D46DE8}") = "Contracts", "Contracts", "{7DA348B5-9681-7436-A640-3B972169BAFB}"
EndProject
Project("{FAE04EC0-301F-11D3-BF4B-00C04F79EFBC}") = "PersonalUniverse.Shared.Contracts", "src\Shared\Contracts\PersonalUniverse.Shared.Contracts\PersonalUniverse.Shared.Contracts.csproj", "{6584ADFD-A394-4E03-B1C7-34229132460E}"
EndProject
Project("{2150E333-8FDC-42A3-9474-1A3956D46DE8}") = "tests", "tests", "{0AB3BF05-4346-4AA6-1389-037BE0695223}"
EndProject
Project("{2150E333-8FDC-42A3-9474-1A3956D46DE8}") = "IntegrationTests", "IntegrationTests", "{30785934-E017-5D9F-2777-3D61460A5281}"
EndProject
Project("{FAE04EC0-301F-11D3-BF4B-00C04F79EFBC}") = "PersonalUniverse.IntegrationTests", "tests\IntegrationTests\PersonalUniverse.IntegrationTests\PersonalUniverse.IntegrationTests.csproj", "{F324FAA5-667C-445A-9470-5A10870DDF13}"
EndProject
Global
	GlobalSection(SolutionConfigurationPlatforms) = preSolution
		Debug|Any CPU = Debug|Any CPU
		Debug|x64 = Debug|x64
		Debug|x86 = Debug|x86
		Release|Any CPU = Release|Any CPU
		Release|x64 = Release|x64
		Release|x86 = Release|x86
	EndGlobalSection
	GlobalSection(ProjectConfigurationPlatforms) = postSolution
		{61D42943-AA61-4523-BF44-9A37B33293D0}.Debug|Any CPU.ActiveCfg = Debug|Any CPU
		{61D42943-AA61-4523-BF44-9A37B33293D0}.Debug|Any CPU.Build.0 = Debug|Any CPU
		{61D42943-AA61-4523-BF44-9A37B33293D0}.Debug|x64.ActiveCfg = Debug|Any CPU
		{61D42943-AA61-4523-BF44-9A37B33293D0}.Debug|x64.Build.0 = Debug|Any CPU
		{61D42943-AA61-4523-BF44-9A37B33293D0}.Debug|x86.ActiveCfg = Debug|Any CPU
		{61D42943-AA61-4523-BF44-9A37B33293D0}.Debug|x86.Build.0 = Debug|Any CPU
		{61D42943-AA61-4523-BF44-9A37B33293D0}.Release|Any CPU.ActiveCfg = Release|Any CPU
		{61D42943-AA61-4523-BF44-9A37B33293D0}.Release|Any CPU.Build.0 = Release|Any CPU
		{61D42943-AA61-4523-BF44-9A37B33293D0}.Release|x64.ActiveCfg = Release|Any CPU
		{61D42943-AA61-4523-BF44-9A37B33293D0}.Release|x64.Build.0 = Release|Any CPU
		{61D42943-AA61-4523-BF44-9A37B33293D0}.Release|x86.ActiveCfg = Release|Any CPU
		{61D42943-AA61-4523-BF44-9A37B33293D0}.Release|x86.Build.0 = Release|Any CPU
		{1083EFAF-DA42-4FC4-9CBC-27A19BBBC5E3}.Debug|Any CPU.ActiveCfg = Debug|Any CPU
		{1083EFAF-DA42-4FC4-9CBC-27A19BBBC5E3}.Debug|Any CPU.Build.0 = Debug|Any CPU
		{1083EFAF-DA42-4FC4-9CBC-27A19BBBC5E3}.Debug|x64.ActiveCfg = Debug|Any CPU
		{1083EFAF-DA42-4FC4-9CBC-27A19BBBC5E3}.Debug|x64.Build.0 = Debug|Any CPU
		{1083EFAF-DA42-4FC4-9CBC-27A19BBBC5E3}.Debug|x86.ActiveCfg = Debug|Any CPU
		{1083EFAF-DA42-4FC4-9CBC-27A19BBBC5E3}.Debug|x86.Build.0 = Debug|Any CPU
		{1083EFAF-DA42-4FC4-9CBC-27A19BBBC5E3}.Release|Any CPU.ActiveCfg = Release|Any CPU
		{1083EFAF-DA42-4FC4-9CBC-27A19BBBC5E3}.Release|Any CPU.Build.0 = Release|Any CPU
		{1083EFAF-DA42-4FC4-9CBC-27A19BBBC5E3}.Release|x64.ActiveCfg = Release|Any CPU
		{1083EFAF-DA42-4FC4-9CBC-27A19BBBC5E3}.Release|x64.Build.0 = Release|Any CPU
		{1083EFAF-DA42-4FC4-9CBC-27A19BBBC5E3}.Release|x86.ActiveCfg = Release|Any CPU
		{1083EFAF-DA42-4FC4-9CBC-27A19BBBC5E3}.Release|x86.Build.0 = Release|Any CPU
		{724F7C2D-E981-4E63-8D8F-4607E161B4A1}.Debug|Any CPU.ActiveCfg = Debug|Any CPU
		{724F7C2D-E981-4E63-8D8F-4607E161B4A1}.Debug|Any CPU.Build.0 = Debug|Any CPU
		{724F7C2D-E981-4E63-8D8F-4607E161B4A1}.Debug|x64.ActiveCfg = Debug|Any CPU
		{724F7C2D-E981-4E63-8D8F-4607E161B4A1}.Debug|x64.Build.0 = Debug|Any CPU
		{724F7C2D-E981-4E63-8D8F-4607E161B4A1}.Debug|x86.ActiveCfg = Debug|Any CPU
		{724F7C2D-E981-4E63-8D8F-4607E161B4A1}.Debug|x86.Build.0 = Debug|Any CPU
		{724F7C2D-E981-4E63-8D8F-4607E161B4A1}.Release|Any CPU.ActiveCfg = Release|Any CPU
		{724F7C2D-E981-4E63-8D8F-4607E161B4A1}.Release|Any CPU.Build.0 = Release|Any CPU
		{724F7C2D-E981-4E63-8D8F-4607E161B4A1}.Release|x64.ActiveCfg = Release|Any CPU
		{724F7C2D-E981-4E63-8D8F-4607E161B4A1}.Release|x64.Build.0 = Release|Any CPU
		{724F7C2D-E981-4E63-8D8F-4607E161B4A1}.Release|x86.ActiveCfg = Release|Any CPU
		{724F7C2D-E981-4E63-8D8F-4607E161B4A1}.Release|x86.Build.0 = Release|Any CPU
		{9737C05E-9108-45B9-819C-E7F3DC18E984}.Debug|Any CPU.ActiveCfg = Debug|Any CPU
		{9737C05E-9108-45B9-819C-E7F3DC18E984}.Debug|Any CPU.Build.0 = Debug|Any CPU
		{9737C05E-9108-45B9-819C-E7F3DC18E984}.Debug|x64.ActiveCfg = Debug|Any CPU
		{9737C05E-9108-45B9-819C-E7F3DC18E984}.Debug|x64.Build.0 = Debug|Any CPU
		{9737C05E-9108-45B9-819C-E7F3DC18E984}.Debug|x86.ActiveCfg = Debug|Any CPU
		{9737C05E-9108-45B9-819C-E7F3DC18E984}.Debug|x86.Build.0 = Debug|Any CPU
		{9737C05E-9108-45B9-819C-E7F3DC18E984}.Release|Any CPU.ActiveCfg = Release|Any CPU
		{9737C05E-9108-45B9-819C-E7F3DC18E984}.Release|Any CPU.Build.0 = Release|Any CPU
		{9737C05E-9108-45B9-819C-E7F3DC18E984}.Release|x64.ActiveCfg = Release|Any CPU
		{9737C05E-9108-45B9-819C-E7F3DC18E984}.Release|x64.Build.0 = Release|Any CPU
		{9737C05E-9108-45B9-819C-E7F3DC18E984}.Release|x86.ActiveCfg = Release|Any CPU
		{9737C05E-9108-45B9-819C-E7F3DC18E984}.Release|x86.Build.0 = Release|Any CPU
		{DD5E7030-FEBF-4E0C-909B-5B668BAA6FC2}.Debug|Any CPU.ActiveCfg = Debug|Any CPU
		{DD5E7030-FEBF-4E0C-909B-5B668BAA6FC2}.Debug|Any CPU.Build.0 = Debug|Any CPU
		{DD5E7030-FEBF-4E0C-909B-5B668BAA6FC2}.Debug|x64.ActiveCfg = Debug|Any CPU
		{DD5E7030-FEBF-4E0C-909B-5B668BAA6FC2}.Debug|x64.Build.0 = Debug|Any CPU
		{DD5E7030-FEBF-4E0C-909B-5B668BAA6FC2}.Debug|x86.ActiveCfg = Debug|Any CPU
		{DD5E7030-FEBF-4E0C-909B-5B668BAA6FC2}.Debug|x86.Build.0 = Debug|Any CPU
		{DD5E7030-FEBF-4E0C-909B-5B668BAA6FC2}.Release|Any CPU.ActiveCfg = Release|Any CPU
		{DD5E7030-FEBF-4E0C-909B-5B668BAA6FC2}.Release|Any CPU.Build.0 = Release|Any CPU
		{DD5E7030-FEBF-4E0C-909B-5B668BAA6FC2}.Release|x64.ActiveCfg = Release|Any CPU
		{DD5E7030-FEBF-4E0C-909B-5B668BAA6FC2}.Release|x64.Build.0 = Release|Any CPU
		{DD5E7030-FEBF-4E0C-909B-5B668BAA6FC2}.Release|x86.ActiveCfg = Release|Any CPU
		{DD5E7030-FEBF-4E0C-909B-5B668BAA6FC2}.Release|x86.Build.0 = Release|Any CPU
		{46E46887-D0D0-4F6B-BDB3-97663D9FD527}.Debug|Any CPU.ActiveCfg = Debug|Any CPU
		{46E46887-D0D0-4F6B-BDB3-97663D9FD527}.Debug|Any CPU.Build.0 = Debug|Any CPU
		{46E46887-D0D0-4F6B-BDB3-97663D9FD527}.Debug|x64.ActiveCfg = Debug|Any CPU
		{46E46887-D0D0-4F6B-BDB3-97663D9FD527}.Debug|x64.Build.0 = Debug|Any CPU
		{46E46887-D0D0-4F6B-BDB3-97663D9FD527}.Debug|x86.ActiveCfg = Debug|Any CPU
		{46E46887-D0D0-4F6B-BDB3-97663D9FD527}.Debug|x86.Build.0 = Debug|Any CPU
		{46E46887-D0D0-4F6B-BDB3-97663D9FD527}.Release|Any CPU.ActiveCfg = Release|Any CPU
		{46E46887-D0D0-4F6B-BDB3-97663D9FD527}.Release|Any CPU.Build.0 = Release|Any CPU
		{46E46887-D0D0-4F6B-BDB3-97663D9FD527}.Release|x64.ActiveCfg = Release|Any CPU
		{46E46887-D0D0-4F6B-BDB3-97663D9FD527}.Release|x64.Build.0 = Release|Any CPU
		{46E46887-D0D0-4F6B-BDB3-97663D9FD527}.Release|x86.ActiveCfg = Release|Any CPU
		{46E46887-D0D0-4F6B-BDB3-97663D9FD527}.Release|x86.Build.0 = Release|Any CPU
		{10B83736-316F-4F63-8E5D-B2C40F920126}.Debug|Any CPU.ActiveCfg = Debug|Any CPU
		{10B83736-316F-4F63-8E5D-B2C40F920126}.Debug|Any CPU.Build.0 = Debug|Any CPU
		{10B83736-316F-4F63-8E5D-B2C40F920126}.Debug|x64.ActiveCfg = Debug|Any CPU
		{10B83736-316F-4F63-8E5D-B2C40F920126}.Debug|x64.Build.0 = Debug|Any CPU
		{10B83736-316F-4F63-8E5D-B2C40F920126}.Debug|x86.ActiveCfg = Debug|Any CPU
		{10B83736-316F-4F63-8E5D-B2C40F920126}.Debug|x86.Build.0 = Debug|Any CPU
		{10B83736-316F-4F63-8E5D-B2C40F920126}.Release|Any CPU.ActiveCfg = Release|Any CPU
		{10B83736-316F-4F63-8E5D-B2C40F920126}.Release|Any CPU.Build.0 = Release|Any CPU
		{10B83736-316F-4F63-8E5D-B2C40F920126}.Release|x64.ActiveCfg = Release|Any CPU
		{10B83736-316F-4F63-8E5D-B2C40F920126}.Release|x64.Build.0 = Release|Any CPU
		{10B83736-316F-4F63-8E5D-B2C40F920126}.Release|x86.ActiveCfg = Release|Any CPU
		{10B83736-316F-4F63-8E5D-B2C40F920126}.Release|x86.Build.0 = Release|Any CPU
		{6584ADFD-A394-4E03-B1C7-34229132460E}.Debug|Any CPU.ActiveCfg = Debug|Any CPU
		{6584ADFD-A394-4E03-B1C7-34229132460E}.Debug|Any CPU.Build.0 = Debug|Any CPU
		{6584ADFD-A394-4E03-B1C7-34229132460E}.Debug|x64.ActiveCfg = Debug|Any CPU
		{6584ADFD-A394-4E03-B1C7-34229132460E}.Debug|x64.Build.0 = Debug|Any CPU
		{6584ADFD-A394-4E03-B1C7-34229132460E}.Debug|x86.ActiveCfg = Debug|Any CPU
		{6584ADFD-A394-4E03-B1C7-34229132460E}.Debug|x86.Build.0 = Debug|Any CPU
		{6584ADFD-A394-4E03-B1C7-34229132460E}.Release|Any CPU.ActiveCfg = Release|Any CPU
		{6584ADFD-A394-4E03-B1C7-34229132460E}.Release|Any CPU.Build.0 = Release|Any CPU
		{6584ADFD-A394-4E03-B1C7-34229132460E}.Release|x64.ActiveCfg = Release|Any CPU
		{6584ADFD-A394-4E03-B1C7-34229132460E}.Release|x64.Build.0 = Release|Any CPU
		{6584ADFD-A394-4E03-B1C7-34229132460E}.Release|x86.ActiveCfg = Release|Any CPU
		{6584ADFD-A394-4E03-B1C7-34229132460E}.Release|x86.Build.0 = Release|Any CPU
		{F324FAA5-667C-445A-9470-5A10870DDF13}.Debug|Any CPU.ActiveCfg = Debug|Any CPU
		{F324FAA5-667C-445A-9470-5A10870DDF13}.Debug|Any CPU.Build.0 = Debug|Any CPU
		{F324FAA5-667C-445A-9470-5A10870DDF13}.Debug|x64.ActiveCfg = Debug|Any CPU
		{F324FAA5-667C-445A-9470-5A10870DDF13}.Debug|x64.Build.0 = Debug|Any CPU
		{F324FAA5-667C-445A-9470-5A10870DDF13}.Debug|x86.ActiveCfg = Debug|Any CPU
		{F324FAA5-667C-445A-9470-5A10870DDF13}.Debug|x86.Build.0 = Debug|Any CPU
		{F324FAA5-667C-445A-9470-5A10870DDF13}.Release|Any CPU.ActiveCfg = Release|Any CPU
		{F324FAA5-667C-445A-9470-5A10870DDF13}.Release|Any CPU.Build.0 = Release|Any CPU
		{F324FAA5-667C-445A-9470-5A10870DDF13}.Release|x64.ActiveCfg = Release|Any CPU
		{F324FAA5-667C-445A-9470-5A10870DDF13}.Release|x64.Build.0 = Release|Any CPU
		{F324FAA5-667C-445A-9470-5A10870DDF13}.Release|x86.ActiveCfg = Release|Any CPU
		{F324FAA5-667C-445A-9470-5A10870DDF13}.Release|x86.Build.0 = Release|Any CPU
	EndGlobalSection
	GlobalSection(SolutionProperties) = preSolution
		HideSolutionNode = FALSE
	EndGlobalSection
	GlobalSection(NestedProjects) = preSolution
		{984BB9B3-3FA3-BE33-9484-CAC21695A33C} = {827E0CD3-B72D-47B6-A68D-7590B98EB39B}
		{1BFC9479-12BF-35C3-06B8-42D89D95092B} = {984BB9B3-3FA3-BE33-9484-CAC21695A33C}
		{61D42943-AA61-4523-BF44-9A37B33293D0} = {1BFC9479-12BF-35C3-06B8-42D89D95092B}
		{05973E9E-8124-8C4C-5815-1A8D03695AD9} = {984BB9B3-3FA3-BE33-9484-CAC21695A33C}
		{1083EFAF-DA42-4FC4-9CBC-27A19BBBC5E3} = {05973E9E-8124-8C4C-5815-1A8D03695AD9}
		{FC8C837E-0128-FDC6-A60F-0C196004067A} = {984BB9B3-3FA3-BE33-9484-CAC21695A33C}
		{724F7C2D-E981-4E63-8D8F-4607E161B4A1} = {FC8C837E-0128-FDC6-A60F-0C196004067A}
		{9CC551B7-1AAF-A9B2-EB48-5B20860C10E0} = {984BB9B3-3FA3-BE33-9484-CAC21695A33C}
		{9737C05E-9108-45B9-819C-E7F3DC18E984} = {9CC551B7-1AAF-A9B2-EB48-5B20860C10E0}
		{31EC43E2-6DEB-1BD5-65B4-4A91A2E20F1D} = {984BB9B3-3FA3-BE33-9484-CAC21695A33C}
		{DD5E7030-FEBF-4E0C-909B-5B668BAA6FC2} = {31EC43E2-6DEB-1BD5-65B4-4A91A2E20F1D}
		{74BE356B-61CD-6194-6CB5-7788A446B19E} = {984BB9B3-3FA3-BE33-9484-CAC21695A33C}
		{46E46887-D0D0-4F6B-BDB3-97663D9FD527} = {74BE356B-61CD-6194-6CB5-7788A446B19E}
		{C8E42992-5E42-0C2B-DBFE-AA848D06431C} = {827E0CD3-B72D-47B6-A68D-7590B98EB39B}
		{08B98848-80E7-0116-D853-84675B4AED72} = {C8E42992-5E42-0C2B-DBFE-AA848D06431C}
		{10B83736-316F-4F63-8E5D-B2C40F920126} = {08B98848-80E7-0116-D853-84675B4AED72}
		{7DA348B5-9681-7436-A640-3B972169BAFB} = {C8E42992-5E42-0C2B-DBFE-AA848D06431C}
		{6584ADFD-A394-4E03-B1C7-34229132460E} = {7DA348B5-9681-7436-A640-3B972169BAFB}
		{30785934-E017-5D9F-2777-3D61460A5281} = {0AB3BF05-4346-4AA6-1389-037BE0695223}
		{F324FAA5-667C-445A-9470-5A10870DDF13} = {30785934-E017-5D9F-2777-3D61460A5281}
	EndGlobalSection
EndGlobal
